
Microsoft Visual Studio Solution File, Format Version 12.00
# Visual Studio Version 16
VisualStudioVersion = 16.0.30621.155
MinimumVisualStudioVersion = 10.0.40219.1
Project("{FAE04EC0-301F-11D3-BF4B-00C04F79EFBC}") = "Server", "Server\Server.csproj", "{484B177A-A997-4258-A40E-B19B311EAD66}"
EndProject
Global
	GlobalSection(SolutionConfigurationPlatforms) = preSolution
		Debug|Any CPU = Debug|Any CPU
		Release|Any CPU = Release|Any CPU
	EndGlobalSection
	GlobalSection(ProjectConfigurationPlatforms) = postSolution
		{484B177A-A997-4258-A40E-B19B311EAD66}.Debug|Any CPU.ActiveCfg = Debug|Any CPU
		{484B177A-A997-4258-A40E-B19B311EAD66}.Debug|Any CPU.Build.0 = Debug|Any CPU
		{484B177A-A997-4258-A40E-B19B311EAD66}.Release|Any CPU.ActiveCfg = Release|Any CPU
		{484B177A-A997-4258-A40E-B19B311EAD66}.Release|Any CPU.Build.0 = Release|Any CPU
	EndGlobalSection
	GlobalSection(SolutionProperties) = preSolution
		HideSolutionNode = FALSE
	EndGlobalSection
	GlobalSection(ExtensibilityGlobals) = postSolution
		SolutionGuid = {001B5F9E-E744-49FB-A7AE-918B8BA34AD3}
	EndGlobalSection
EndGlobal
